
Microsoft Visual Studio Solution File, Format Version 12.00
# Visual Studio Version 17
VisualStudioVersion = 17.2.32602.215
MinimumVisualStudioVersion = 10.0.40219.1
Project("{FAE04EC0-301F-11D3-BF4B-00C04F79EFBC}") = "Domain", "Domain\Domain.csproj", "{622DA5AF-B022-4D4A-AD15-56A66483F7F8}"
EndProject
Global
	GlobalSection(SolutionConfigurationPlatforms) = preSolution
		Debug|Any CPU = Debug|Any CPU
		Release|Any CPU = Release|Any CPU
	EndGlobalSection
	GlobalSection(ProjectConfigurationPlatforms) = postSolution
		{622DA5AF-B022-4D4A-AD15-56A66483F7F8}.Debug|Any CPU.ActiveCfg = Debug|Any CPU
		{622DA5AF-B022-4D4A-AD15-56A66483F7F8}.Debug|Any CPU.Build.0 = Debug|Any CPU
		{622DA5AF-B022-4D4A-AD15-56A66483F7F8}.Release|Any CPU.ActiveCfg = Release|Any CPU
		{622DA5AF-B022-4D4A-AD15-56A66483F7F8}.Release|Any CPU.Build.0 = Release|Any CPU
	EndGlobalSection
	GlobalSection(SolutionProperties) = preSolution
		HideSolutionNode = FALSE
	EndGlobalSection
	GlobalSection(ExtensibilityGlobals) = postSolution
		SolutionGuid = {1734C356-0933-4C49-A9BE-3F8D5E83BDE7}
	EndGlobalSection
EndGlobal
