
Microsoft Visual Studio Solution File, Format Version 12.00
# Visual Studio Version 17
VisualStudioVersion = 17.2.32602.215
MinimumVisualStudioVersion = 10.0.40219.1
Project("{FAE04EC0-301F-11D3-BF4B-00C04F79EFBC}") = "Server", "Server\Server.csproj", "{8CBB700B-2301-4B18-A374-1CFA19C09BE3}"
EndProject
Project("{FAE04EC0-301F-11D3-BF4B-00C04F79EFBC}") = "Client", "Client\Client.csproj", "{18128B16-D587-4BCF-8EEF-9152B2DE9535}"
EndProject
Global
	GlobalSection(SolutionConfigurationPlatforms) = preSolution
		Debug|Any CPU = Debug|Any CPU
		Release|Any CPU = Release|Any CPU
	EndGlobalSection
	GlobalSection(ProjectConfigurationPlatforms) = postSolution
		{8CBB700B-2301-4B18-A374-1CFA19C09BE3}.Debug|Any CPU.ActiveCfg = Debug|Any CPU
		{8CBB700B-2301-4B18-A374-1CFA19C09BE3}.Debug|Any CPU.Build.0 = Debug|Any CPU
		{8CBB700B-2301-4B18-A374-1CFA19C09BE3}.Release|Any CPU.ActiveCfg = Release|Any CPU
		{8CBB700B-2301-4B18-A374-1CFA19C09BE3}.Release|Any CPU.Build.0 = Release|Any CPU
		{18128B16-D587-4BCF-8EEF-9152B2DE9535}.Debug|Any CPU.ActiveCfg = Debug|Any CPU
		{18128B16-D587-4BCF-8EEF-9152B2DE9535}.Debug|Any CPU.Build.0 = Debug|Any CPU
		{18128B16-D587-4BCF-8EEF-9152B2DE9535}.Release|Any CPU.ActiveCfg = Release|Any CPU
		{18128B16-D587-4BCF-8EEF-9152B2DE9535}.Release|Any CPU.Build.0 = Release|Any CPU
	EndGlobalSection
	GlobalSection(SolutionProperties) = preSolution
		HideSolutionNode = FALSE
	EndGlobalSection
	GlobalSection(ExtensibilityGlobals) = postSolution
		SolutionGuid = {1734C356-0933-4C49-A9BE-3F8D5E83BDE7}
	EndGlobalSection
EndGlobal
