
Microsoft Visual Studio Solution File, Format Version 12.00
# Visual Studio Version 17
VisualStudioVersion = 17.2.32602.215
MinimumVisualStudioVersion = 10.0.40219.1
Project("{2150E333-8FDC-42A3-9474-1A3956D46DE8}") = "Core", "Core", "{C810F666-64F8-44BF-B0E4-D10E1A04D2BE}"
EndProject
Project("{2150E333-8FDC-42A3-9474-1A3956D46DE8}") = "App", "App", "{50E7C168-F4EC-4DCF-A405-84C97F12EE67}"
EndProject
Project("{2150E333-8FDC-42A3-9474-1A3956D46DE8}") = "Test", "Test", "{CA0DC575-28E5-4B68-A0CB-47C8B989425A}"
EndProject
Project("{9A19103F-16F7-4668-BE54-9A1E7A4F7556}") = "Test.Network", "Test\Test.Network\Test.Network.csproj", "{C59A4105-327D-4F50-8AD5-179600974240}"
EndProject
Project("{9A19103F-16F7-4668-BE54-9A1E7A4F7556}") = "Test.BL", "Test\Test.BL\Test.BL.csproj", "{27BA9128-74B7-43B4-B8C3-4FBBADA8DC61}"
EndProject
Project("{9A19103F-16F7-4668-BE54-9A1E7A4F7556}") = "Core.Domain", "Core\Core.Domain\Core.Domain.csproj", "{0A487D2E-80DB-4191-B05F-DD11E71EE82C}"
EndProject
Project("{9A19103F-16F7-4668-BE54-9A1E7A4F7556}") = "Core.EF", "Core\Core.EF\Core.EF.csproj", "{B18B2E93-1BC4-45C4-81F5-C4DF43216F3A}"
EndProject
Project("{9A19103F-16F7-4668-BE54-9A1E7A4F7556}") = "Core.Network", "Core\Core.Network\Core.Network.csproj", "{9BE885F8-17C1-48FA-86ED-AC0768939F06}"
EndProject
Project("{9A19103F-16F7-4668-BE54-9A1E7A4F7556}") = "App.Client", "App\App.Client\App.Client.csproj", "{CDF059DC-ECC3-4ACE-904D-948E5CEF24C0}"
EndProject
Project("{9A19103F-16F7-4668-BE54-9A1E7A4F7556}") = "App.Server", "App\App.Server\App.Server.csproj", "{4C70D3C2-A0D0-4F6C-9A65-5F8A6D5DB5AE}"
EndProject
Project("{9A19103F-16F7-4668-BE54-9A1E7A4F7556}") = "Core.Dapper", "Core\Core.Dapper\Core.Dapper.csproj", "{7070A388-FB0C-415B-9303-875E827EC8BC}"
EndProject
Project("{9A19103F-16F7-4668-BE54-9A1E7A4F7556}") = "Test.Dapper", "Test\Test.Dapper\Test.Dapper.csproj", "{B95A3186-EF76-4DB4-B72B-4A31E4F71C6C}"
EndProject
Project("{FAE04EC0-301F-11D3-BF4B-00C04F79EFBC}") = "Core.BL", "Core\Core.BL\Core.BL.csproj", "{9663EE28-4F03-4388-92E6-FE08EBCA02BA}"
EndProject
Project("{FAE04EC0-301F-11D3-BF4B-00C04F79EFBC}") = "Core.Cache", "Core.Cache\Core.Cache.csproj", "{A7F7217D-F8E9-4689-8D3A-C84774432BB6}"
EndProject
Global
	GlobalSection(SolutionConfigurationPlatforms) = preSolution
		Debug|Any CPU = Debug|Any CPU
		Release|Any CPU = Release|Any CPU
		Test|Any CPU = Test|Any CPU
	EndGlobalSection
	GlobalSection(ProjectConfigurationPlatforms) = postSolution
		{C59A4105-327D-4F50-8AD5-179600974240}.Debug|Any CPU.ActiveCfg = Debug|Any CPU
		{C59A4105-327D-4F50-8AD5-179600974240}.Debug|Any CPU.Build.0 = Debug|Any CPU
		{C59A4105-327D-4F50-8AD5-179600974240}.Release|Any CPU.ActiveCfg = Release|Any CPU
		{C59A4105-327D-4F50-8AD5-179600974240}.Release|Any CPU.Build.0 = Release|Any CPU
		{C59A4105-327D-4F50-8AD5-179600974240}.Test|Any CPU.ActiveCfg = Test|Any CPU
		{C59A4105-327D-4F50-8AD5-179600974240}.Test|Any CPU.Build.0 = Test|Any CPU
		{27BA9128-74B7-43B4-B8C3-4FBBADA8DC61}.Debug|Any CPU.ActiveCfg = Debug|Any CPU
		{27BA9128-74B7-43B4-B8C3-4FBBADA8DC61}.Debug|Any CPU.Build.0 = Debug|Any CPU
		{27BA9128-74B7-43B4-B8C3-4FBBADA8DC61}.Release|Any CPU.ActiveCfg = Release|Any CPU
		{27BA9128-74B7-43B4-B8C3-4FBBADA8DC61}.Release|Any CPU.Build.0 = Release|Any CPU
		{27BA9128-74B7-43B4-B8C3-4FBBADA8DC61}.Test|Any CPU.ActiveCfg = Test|Any CPU
		{27BA9128-74B7-43B4-B8C3-4FBBADA8DC61}.Test|Any CPU.Build.0 = Test|Any CPU
		{0A487D2E-80DB-4191-B05F-DD11E71EE82C}.Debug|Any CPU.ActiveCfg = Debug|Any CPU
		{0A487D2E-80DB-4191-B05F-DD11E71EE82C}.Debug|Any CPU.Build.0 = Debug|Any CPU
		{0A487D2E-80DB-4191-B05F-DD11E71EE82C}.Release|Any CPU.ActiveCfg = Release|Any CPU
		{0A487D2E-80DB-4191-B05F-DD11E71EE82C}.Release|Any CPU.Build.0 = Release|Any CPU
		{0A487D2E-80DB-4191-B05F-DD11E71EE82C}.Test|Any CPU.ActiveCfg = Test|Any CPU
		{0A487D2E-80DB-4191-B05F-DD11E71EE82C}.Test|Any CPU.Build.0 = Test|Any CPU
		{B18B2E93-1BC4-45C4-81F5-C4DF43216F3A}.Debug|Any CPU.ActiveCfg = Debug|Any CPU
		{B18B2E93-1BC4-45C4-81F5-C4DF43216F3A}.Debug|Any CPU.Build.0 = Debug|Any CPU
		{B18B2E93-1BC4-45C4-81F5-C4DF43216F3A}.Release|Any CPU.ActiveCfg = Release|Any CPU
		{B18B2E93-1BC4-45C4-81F5-C4DF43216F3A}.Release|Any CPU.Build.0 = Release|Any CPU
		{B18B2E93-1BC4-45C4-81F5-C4DF43216F3A}.Test|Any CPU.ActiveCfg = Test|Any CPU
		{B18B2E93-1BC4-45C4-81F5-C4DF43216F3A}.Test|Any CPU.Build.0 = Test|Any CPU
		{9BE885F8-17C1-48FA-86ED-AC0768939F06}.Debug|Any CPU.ActiveCfg = Debug|Any CPU
		{9BE885F8-17C1-48FA-86ED-AC0768939F06}.Debug|Any CPU.Build.0 = Debug|Any CPU
		{9BE885F8-17C1-48FA-86ED-AC0768939F06}.Release|Any CPU.ActiveCfg = Release|Any CPU
		{9BE885F8-17C1-48FA-86ED-AC0768939F06}.Release|Any CPU.Build.0 = Release|Any CPU
		{9BE885F8-17C1-48FA-86ED-AC0768939F06}.Test|Any CPU.ActiveCfg = Test|Any CPU
		{9BE885F8-17C1-48FA-86ED-AC0768939F06}.Test|Any CPU.Build.0 = Test|Any CPU
		{CDF059DC-ECC3-4ACE-904D-948E5CEF24C0}.Debug|Any CPU.ActiveCfg = Debug|Any CPU
		{CDF059DC-ECC3-4ACE-904D-948E5CEF24C0}.Debug|Any CPU.Build.0 = Debug|Any CPU
		{CDF059DC-ECC3-4ACE-904D-948E5CEF24C0}.Release|Any CPU.ActiveCfg = Release|Any CPU
		{CDF059DC-ECC3-4ACE-904D-948E5CEF24C0}.Release|Any CPU.Build.0 = Release|Any CPU
		{CDF059DC-ECC3-4ACE-904D-948E5CEF24C0}.Test|Any CPU.ActiveCfg = Test|Any CPU
		{CDF059DC-ECC3-4ACE-904D-948E5CEF24C0}.Test|Any CPU.Build.0 = Test|Any CPU
		{4C70D3C2-A0D0-4F6C-9A65-5F8A6D5DB5AE}.Debug|Any CPU.ActiveCfg = Debug|Any CPU
		{4C70D3C2-A0D0-4F6C-9A65-5F8A6D5DB5AE}.Debug|Any CPU.Build.0 = Debug|Any CPU
		{4C70D3C2-A0D0-4F6C-9A65-5F8A6D5DB5AE}.Release|Any CPU.ActiveCfg = Release|Any CPU
		{4C70D3C2-A0D0-4F6C-9A65-5F8A6D5DB5AE}.Release|Any CPU.Build.0 = Release|Any CPU
		{4C70D3C2-A0D0-4F6C-9A65-5F8A6D5DB5AE}.Test|Any CPU.ActiveCfg = Test|Any CPU
		{4C70D3C2-A0D0-4F6C-9A65-5F8A6D5DB5AE}.Test|Any CPU.Build.0 = Test|Any CPU
		{7070A388-FB0C-415B-9303-875E827EC8BC}.Debug|Any CPU.ActiveCfg = Debug|Any CPU
		{7070A388-FB0C-415B-9303-875E827EC8BC}.Debug|Any CPU.Build.0 = Debug|Any CPU
		{7070A388-FB0C-415B-9303-875E827EC8BC}.Release|Any CPU.ActiveCfg = Release|Any CPU
		{7070A388-FB0C-415B-9303-875E827EC8BC}.Release|Any CPU.Build.0 = Release|Any CPU
		{7070A388-FB0C-415B-9303-875E827EC8BC}.Test|Any CPU.ActiveCfg = Test|Any CPU
		{7070A388-FB0C-415B-9303-875E827EC8BC}.Test|Any CPU.Build.0 = Test|Any CPU
		{B95A3186-EF76-4DB4-B72B-4A31E4F71C6C}.Debug|Any CPU.ActiveCfg = Debug|Any CPU
		{B95A3186-EF76-4DB4-B72B-4A31E4F71C6C}.Debug|Any CPU.Build.0 = Debug|Any CPU
		{B95A3186-EF76-4DB4-B72B-4A31E4F71C6C}.Release|Any CPU.ActiveCfg = Release|Any CPU
		{B95A3186-EF76-4DB4-B72B-4A31E4F71C6C}.Release|Any CPU.Build.0 = Release|Any CPU
		{B95A3186-EF76-4DB4-B72B-4A31E4F71C6C}.Test|Any CPU.ActiveCfg = Test|Any CPU
		{B95A3186-EF76-4DB4-B72B-4A31E4F71C6C}.Test|Any CPU.Build.0 = Test|Any CPU
		{9663EE28-4F03-4388-92E6-FE08EBCA02BA}.Debug|Any CPU.ActiveCfg = Debug|Any CPU
		{9663EE28-4F03-4388-92E6-FE08EBCA02BA}.Debug|Any CPU.Build.0 = Debug|Any CPU
		{9663EE28-4F03-4388-92E6-FE08EBCA02BA}.Release|Any CPU.ActiveCfg = Release|Any CPU
		{9663EE28-4F03-4388-92E6-FE08EBCA02BA}.Release|Any CPU.Build.0 = Release|Any CPU
		{9663EE28-4F03-4388-92E6-FE08EBCA02BA}.Test|Any CPU.ActiveCfg = Debug|Any CPU
		{9663EE28-4F03-4388-92E6-FE08EBCA02BA}.Test|Any CPU.Build.0 = Debug|Any CPU
		{A7F7217D-F8E9-4689-8D3A-C84774432BB6}.Debug|Any CPU.ActiveCfg = Debug|Any CPU
		{A7F7217D-F8E9-4689-8D3A-C84774432BB6}.Debug|Any CPU.Build.0 = Debug|Any CPU
		{A7F7217D-F8E9-4689-8D3A-C84774432BB6}.Release|Any CPU.ActiveCfg = Release|Any CPU
		{A7F7217D-F8E9-4689-8D3A-C84774432BB6}.Release|Any CPU.Build.0 = Release|Any CPU
		{A7F7217D-F8E9-4689-8D3A-C84774432BB6}.Test|Any CPU.ActiveCfg = Debug|Any CPU
		{A7F7217D-F8E9-4689-8D3A-C84774432BB6}.Test|Any CPU.Build.0 = Debug|Any CPU
	EndGlobalSection
	GlobalSection(SolutionProperties) = preSolution
		HideSolutionNode = FALSE
	EndGlobalSection
	GlobalSection(NestedProjects) = preSolution
		{C59A4105-327D-4F50-8AD5-179600974240} = {CA0DC575-28E5-4B68-A0CB-47C8B989425A}
		{27BA9128-74B7-43B4-B8C3-4FBBADA8DC61} = {CA0DC575-28E5-4B68-A0CB-47C8B989425A}
		{0A487D2E-80DB-4191-B05F-DD11E71EE82C} = {C810F666-64F8-44BF-B0E4-D10E1A04D2BE}
		{B18B2E93-1BC4-45C4-81F5-C4DF43216F3A} = {C810F666-64F8-44BF-B0E4-D10E1A04D2BE}
		{9BE885F8-17C1-48FA-86ED-AC0768939F06} = {C810F666-64F8-44BF-B0E4-D10E1A04D2BE}
		{CDF059DC-ECC3-4ACE-904D-948E5CEF24C0} = {50E7C168-F4EC-4DCF-A405-84C97F12EE67}
		{4C70D3C2-A0D0-4F6C-9A65-5F8A6D5DB5AE} = {50E7C168-F4EC-4DCF-A405-84C97F12EE67}
		{7070A388-FB0C-415B-9303-875E827EC8BC} = {C810F666-64F8-44BF-B0E4-D10E1A04D2BE}
		{B95A3186-EF76-4DB4-B72B-4A31E4F71C6C} = {CA0DC575-28E5-4B68-A0CB-47C8B989425A}
		{9663EE28-4F03-4388-92E6-FE08EBCA02BA} = {C810F666-64F8-44BF-B0E4-D10E1A04D2BE}
		{A7F7217D-F8E9-4689-8D3A-C84774432BB6} = {C810F666-64F8-44BF-B0E4-D10E1A04D2BE}
	EndGlobalSection
	GlobalSection(ExtensibilityGlobals) = postSolution
		SolutionGuid = {1734C356-0933-4C49-A9BE-3F8D5E83BDE7}
	EndGlobalSection
EndGlobal
